
Microsoft Visual Studio Solution File, Format Version 12.00
# Visual Studio Version 16
VisualStudioVersion = 16.0.29920.165
MinimumVisualStudioVersion = 10.0.40219.1
Project("{FAE04EC0-301F-11D3-BF4B-00C04F79EFBC}") = "cw11", "cw11\cw11.csproj", "{DA1E925A-CF81-4654-B537-6430EBAC883F}"
EndProject
Global
	GlobalSection(SolutionConfigurationPlatforms) = preSolution
		Debug|Any CPU = Debug|Any CPU
		Release|Any CPU = Release|Any CPU
	EndGlobalSection
	GlobalSection(ProjectConfigurationPlatforms) = postSolution
		{DA1E925A-CF81-4654-B537-6430EBAC883F}.Debug|Any CPU.ActiveCfg = Debug|Any CPU
		{DA1E925A-CF81-4654-B537-6430EBAC883F}.Debug|Any CPU.Build.0 = Debug|Any CPU
		{DA1E925A-CF81-4654-B537-6430EBAC883F}.Release|Any CPU.ActiveCfg = Release|Any CPU
		{DA1E925A-CF81-4654-B537-6430EBAC883F}.Release|Any CPU.Build.0 = Release|Any CPU
	EndGlobalSection
	GlobalSection(SolutionProperties) = preSolution
		HideSolutionNode = FALSE
	EndGlobalSection
	GlobalSection(ExtensibilityGlobals) = postSolution
		SolutionGuid = {C92EB732-717E-4714-9AA1-3A9FB4597587}
	EndGlobalSection
EndGlobal
